
Microsoft Visual Studio Solution File, Format Version 12.00
# Visual Studio Version 17
VisualStudioVersion = 17.13.35913.81 d17.13
MinimumVisualStudioVersion = 10.0.40219.1
Project("{FAE04EC0-301F-11D3-BF4B-00C04F79EFBC}") = "FilmManagement.API", "FilmManagement.API\FilmManagement.API.csproj", "{42A31E75-0BB7-4518-B169-78D005E1A62B}"
EndProject
Project("{FAE04EC0-301F-11D3-BF4B-00C04F79EFBC}") = "FilmManagement.Shared.Data", "FilmManagement.Shared.Data\FilmManagement.Shared.Data.csproj", "{0BDE68F1-2775-47EE-90F7-33D0C11C17E2}"
EndProject
Project("{FAE04EC0-301F-11D3-BF4B-00C04F79EFBC}") = "FilmManagement.Shared.Models", "FilmManagement.Shared.Models\FilmManagement.Shared.Models.csproj", "{D5762566-114A-4580-98A8-45B15A0A62A0}"
EndProject
Global
	GlobalSection(SolutionConfigurationPlatforms) = preSolution
		Debug|Any CPU = Debug|Any CPU
		Release|Any CPU = Release|Any CPU
	EndGlobalSection
	GlobalSection(ProjectConfigurationPlatforms) = postSolution
		{42A31E75-0BB7-4518-B169-78D005E1A62B}.Debug|Any CPU.ActiveCfg = Debug|Any CPU
		{42A31E75-0BB7-4518-B169-78D005E1A62B}.Debug|Any CPU.Build.0 = Debug|Any CPU
		{42A31E75-0BB7-4518-B169-78D005E1A62B}.Release|Any CPU.ActiveCfg = Release|Any CPU
		{42A31E75-0BB7-4518-B169-78D005E1A62B}.Release|Any CPU.Build.0 = Release|Any CPU
		{0BDE68F1-2775-47EE-90F7-33D0C11C17E2}.Debug|Any CPU.ActiveCfg = Debug|Any CPU
		{0BDE68F1-2775-47EE-90F7-33D0C11C17E2}.Debug|Any CPU.Build.0 = Debug|Any CPU
		{0BDE68F1-2775-47EE-90F7-33D0C11C17E2}.Release|Any CPU.ActiveCfg = Release|Any CPU
		{0BDE68F1-2775-47EE-90F7-33D0C11C17E2}.Release|Any CPU.Build.0 = Release|Any CPU
		{D5762566-114A-4580-98A8-45B15A0A62A0}.Debug|Any CPU.ActiveCfg = Debug|Any CPU
		{D5762566-114A-4580-98A8-45B15A0A62A0}.Debug|Any CPU.Build.0 = Debug|Any CPU
		{D5762566-114A-4580-98A8-45B15A0A62A0}.Release|Any CPU.ActiveCfg = Release|Any CPU
		{D5762566-114A-4580-98A8-45B15A0A62A0}.Release|Any CPU.Build.0 = Release|Any CPU
	EndGlobalSection
	GlobalSection(SolutionProperties) = preSolution
		HideSolutionNode = FALSE
	EndGlobalSection
	GlobalSection(ExtensibilityGlobals) = postSolution
		SolutionGuid = {4F97CF87-8B5D-4858-A7D9-E88ABEFF4B9B}
	EndGlobalSection
EndGlobal
